
Microsoft Visual Studio Solution File, Format Version 12.00
# Visual Studio Version 17
VisualStudioVersion = 17.9.34728.123
MinimumVisualStudioVersion = 10.0.40219.1
Project("{FAE04EC0-301F-11D3-BF4B-00C04F79EFBC}") = "Microcreditos", "Microcreditos\Microcreditos.csproj", "{048ABBAC-98A8-4D21-BD73-88AB3DBA375E}"
EndProject
Global
	GlobalSection(SolutionConfigurationPlatforms) = preSolution
		Debug|Any CPU = Debug|Any CPU
		Release|Any CPU = Release|Any CPU
	EndGlobalSection
	GlobalSection(ProjectConfigurationPlatforms) = postSolution
		{048ABBAC-98A8-4D21-BD73-88AB3DBA375E}.Debug|Any CPU.ActiveCfg = Debug|Any CPU
		{048ABBAC-98A8-4D21-BD73-88AB3DBA375E}.Debug|Any CPU.Build.0 = Debug|Any CPU
		{048ABBAC-98A8-4D21-BD73-88AB3DBA375E}.Release|Any CPU.ActiveCfg = Release|Any CPU
		{048ABBAC-98A8-4D21-BD73-88AB3DBA375E}.Release|Any CPU.Build.0 = Release|Any CPU
	EndGlobalSection
	GlobalSection(SolutionProperties) = preSolution
		HideSolutionNode = FALSE
	EndGlobalSection
	GlobalSection(ExtensibilityGlobals) = postSolution
		SolutionGuid = {F5B68611-8E0D-4F21-A982-C7D4CFFB8D88}
	EndGlobalSection
EndGlobal
